
Microsoft Visual Studio Solution File, Format Version 12.00
# Visual Studio Version 17
VisualStudioVersion = 17.6.33829.357
MinimumVisualStudioVersion = 10.0.40219.1
Project("{FAE04EC0-301F-11D3-BF4B-00C04F79EFBC}") = "HangfireAndMailService", "HangfireAndMailService\HangfireAndMailService.csproj", "{5A732BFA-072E-4B85-8698-73C342220C23}"
EndProject
Global
	GlobalSection(SolutionConfigurationPlatforms) = preSolution
		Debug|Any CPU = Debug|Any CPU
		Release|Any CPU = Release|Any CPU
	EndGlobalSection
	GlobalSection(ProjectConfigurationPlatforms) = postSolution
		{5A732BFA-072E-4B85-8698-73C342220C23}.Debug|Any CPU.ActiveCfg = Debug|Any CPU
		{5A732BFA-072E-4B85-8698-73C342220C23}.Debug|Any CPU.Build.0 = Debug|Any CPU
		{5A732BFA-072E-4B85-8698-73C342220C23}.Release|Any CPU.ActiveCfg = Release|Any CPU
		{5A732BFA-072E-4B85-8698-73C342220C23}.Release|Any CPU.Build.0 = Release|Any CPU
	EndGlobalSection
	GlobalSection(SolutionProperties) = preSolution
		HideSolutionNode = FALSE
	EndGlobalSection
	GlobalSection(ExtensibilityGlobals) = postSolution
		SolutionGuid = {C8447EA7-D5D4-4D0F-8162-B64AC1387FEC}
	EndGlobalSection
EndGlobal
